
Microsoft Visual Studio Solution File, Format Version 12.00
# Visual Studio Version 16
VisualStudioVersion = 16.0.31624.102
MinimumVisualStudioVersion = 10.0.40219.1
Project("{FAE04EC0-301F-11D3-BF4B-00C04F79EFBC}") = "Kruh", "Kruh\Kruh.csproj", "{394223D5-FE8D-47E2-9CBA-AA6A668A409B}"
EndProject
Global
	GlobalSection(SolutionConfigurationPlatforms) = preSolution
		Debug|Any CPU = Debug|Any CPU
		Release|Any CPU = Release|Any CPU
	EndGlobalSection
	GlobalSection(ProjectConfigurationPlatforms) = postSolution
		{394223D5-FE8D-47E2-9CBA-AA6A668A409B}.Debug|Any CPU.ActiveCfg = Debug|Any CPU
		{394223D5-FE8D-47E2-9CBA-AA6A668A409B}.Debug|Any CPU.Build.0 = Debug|Any CPU
		{394223D5-FE8D-47E2-9CBA-AA6A668A409B}.Release|Any CPU.ActiveCfg = Release|Any CPU
		{394223D5-FE8D-47E2-9CBA-AA6A668A409B}.Release|Any CPU.Build.0 = Release|Any CPU
	EndGlobalSection
	GlobalSection(SolutionProperties) = preSolution
		HideSolutionNode = FALSE
	EndGlobalSection
	GlobalSection(ExtensibilityGlobals) = postSolution
		SolutionGuid = {DB4F4EF3-A25A-413D-AE7D-B18050676811}
	EndGlobalSection
EndGlobal
